
Microsoft Visual Studio Solution File, Format Version 12.00
# Visual Studio 15
VisualStudioVersion = 15.0.27428.2027
MinimumVisualStudioVersion = 10.0.40219.1
Project("{FAE04EC0-301F-11D3-BF4B-00C04F79EFBC}") = "DataAccess", "DataAccess\DataAccess.csproj", "{17DE37FF-4590-43EC-B46A-ADA478302FA8}"
EndProject
Project("{FAE04EC0-301F-11D3-BF4B-00C04F79EFBC}") = "BussinessFacade", "BussinessFacade\BussinessFacade.csproj", "{180A816D-CC6B-43A0-B7F7-7380D2C33941}"
EndProject
Project("{FAE04EC0-301F-11D3-BF4B-00C04F79EFBC}") = "Common", "Common\Common.csproj", "{B943BC17-702E-42BE-A2CD-81443D77CFA9}"
EndProject
Project("{FAE04EC0-301F-11D3-BF4B-00C04F79EFBC}") = "ObjectInfos", "ObjectInfo\ObjectInfos.csproj", "{AB9DCEAE-B3D3-4A64-8E27-4B0485C2B9B5}"
EndProject
Project("{FAE04EC0-301F-11D3-BF4B-00C04F79EFBC}") = "WebApps", "WebApps\WebApps.csproj", "{238CD357-F435-4EAB-9E37-ED4473EF9514}"
EndProject
Global
	GlobalSection(SolutionConfigurationPlatforms) = preSolution
		Debug|Any CPU = Debug|Any CPU
		Release|Any CPU = Release|Any CPU
	EndGlobalSection
	GlobalSection(ProjectConfigurationPlatforms) = postSolution
		{17DE37FF-4590-43EC-B46A-ADA478302FA8}.Debug|Any CPU.ActiveCfg = Debug|Any CPU
		{17DE37FF-4590-43EC-B46A-ADA478302FA8}.Debug|Any CPU.Build.0 = Debug|Any CPU
		{17DE37FF-4590-43EC-B46A-ADA478302FA8}.Release|Any CPU.ActiveCfg = Release|Any CPU
		{17DE37FF-4590-43EC-B46A-ADA478302FA8}.Release|Any CPU.Build.0 = Release|Any CPU
		{180A816D-CC6B-43A0-B7F7-7380D2C33941}.Debug|Any CPU.ActiveCfg = Debug|Any CPU
		{180A816D-CC6B-43A0-B7F7-7380D2C33941}.Debug|Any CPU.Build.0 = Debug|Any CPU
		{180A816D-CC6B-43A0-B7F7-7380D2C33941}.Release|Any CPU.ActiveCfg = Release|Any CPU
		{180A816D-CC6B-43A0-B7F7-7380D2C33941}.Release|Any CPU.Build.0 = Release|Any CPU
		{B943BC17-702E-42BE-A2CD-81443D77CFA9}.Debug|Any CPU.ActiveCfg = Debug|Any CPU
		{B943BC17-702E-42BE-A2CD-81443D77CFA9}.Debug|Any CPU.Build.0 = Debug|Any CPU
		{B943BC17-702E-42BE-A2CD-81443D77CFA9}.Release|Any CPU.ActiveCfg = Release|Any CPU
		{B943BC17-702E-42BE-A2CD-81443D77CFA9}.Release|Any CPU.Build.0 = Release|Any CPU
		{AB9DCEAE-B3D3-4A64-8E27-4B0485C2B9B5}.Debug|Any CPU.ActiveCfg = Debug|Any CPU
		{AB9DCEAE-B3D3-4A64-8E27-4B0485C2B9B5}.Debug|Any CPU.Build.0 = Debug|Any CPU
		{AB9DCEAE-B3D3-4A64-8E27-4B0485C2B9B5}.Release|Any CPU.ActiveCfg = Release|Any CPU
		{AB9DCEAE-B3D3-4A64-8E27-4B0485C2B9B5}.Release|Any CPU.Build.0 = Release|Any CPU
		{238CD357-F435-4EAB-9E37-ED4473EF9514}.Debug|Any CPU.ActiveCfg = Debug|Any CPU
		{238CD357-F435-4EAB-9E37-ED4473EF9514}.Debug|Any CPU.Build.0 = Debug|Any CPU
		{238CD357-F435-4EAB-9E37-ED4473EF9514}.Release|Any CPU.ActiveCfg = Debug|Any CPU
		{238CD357-F435-4EAB-9E37-ED4473EF9514}.Release|Any CPU.Build.0 = Debug|Any CPU
	EndGlobalSection
	GlobalSection(SolutionProperties) = preSolution
		HideSolutionNode = FALSE
	EndGlobalSection
	GlobalSection(ExtensibilityGlobals) = postSolution
		SolutionGuid = {ED07F3D7-70BE-4A69-969B-6B75284AE881}
	EndGlobalSection
EndGlobal
