
Microsoft Visual Studio Solution File, Format Version 12.00
# Visual Studio 2012
Project("{FAE04EC0-301F-11D3-BF4B-00C04F79EFBC}") = "QLDLTTService", "QLDLTTService\QLDLTTService.csproj", "{5B23551B-F125-444C-9934-C982CE37457A}"
EndProject
Project("{FAE04EC0-301F-11D3-BF4B-00C04F79EFBC}") = "NaviObject", "NaviObject\NaviObject.csproj", "{F19FD63E-1B74-4766-95BD-41EF22D467BA}"
EndProject
Project("{FAE04EC0-301F-11D3-BF4B-00C04F79EFBC}") = "BasePassword", "BasePassword\BasePassword.csproj", "{B2974F2A-F495-4B81-89CF-3414935BA7C6}"
EndProject
Project("{FAE04EC0-301F-11D3-BF4B-00C04F79EFBC}") = "eSwitch.BLL", "eSwitch.BLL\eSwitch.BLL.csproj", "{425D3629-DE7B-4AA3-99F1-F0ADF3FF2F51}"
EndProject
Project("{FAE04EC0-301F-11D3-BF4B-00C04F79EFBC}") = "eSwitch.DAL", "eSwitch.DAL\eSwitch.DAL.csproj", "{98C5A7DC-26BB-4C9E-AFB3-9896A06D5EF5}"
EndProject
Project("{FAE04EC0-301F-11D3-BF4B-00C04F79EFBC}") = "OracleDataAccess", "OracleDataAccess\OracleDataAccess.csproj", "{88E547A5-0699-43F8-BA67-30A13777DAA7}"
EndProject
Project("{FAE04EC0-301F-11D3-BF4B-00C04F79EFBC}") = "CommonLib", "eSwitch.CommonLib\CommonLib.csproj", "{3CA30D06-97C4-457B-AC4F-25BC5D6C156C}"
EndProject
Project("{FAE04EC0-301F-11D3-BF4B-00C04F79EFBC}") = "NaviCommon", "NaviCommon\NaviCommon.csproj", "{2587CF5B-DF08-4A4D-898F-3F0AE9BC2F5C}"
EndProject
Global
	GlobalSection(SolutionConfigurationPlatforms) = preSolution
		Debug|Any CPU = Debug|Any CPU
		Release|Any CPU = Release|Any CPU
	EndGlobalSection
	GlobalSection(ProjectConfigurationPlatforms) = postSolution
		{5B23551B-F125-444C-9934-C982CE37457A}.Debug|Any CPU.ActiveCfg = Debug|Any CPU
		{5B23551B-F125-444C-9934-C982CE37457A}.Debug|Any CPU.Build.0 = Debug|Any CPU
		{5B23551B-F125-444C-9934-C982CE37457A}.Release|Any CPU.ActiveCfg = Release|Any CPU
		{5B23551B-F125-444C-9934-C982CE37457A}.Release|Any CPU.Build.0 = Release|Any CPU
		{F19FD63E-1B74-4766-95BD-41EF22D467BA}.Debug|Any CPU.ActiveCfg = Debug|Any CPU
		{F19FD63E-1B74-4766-95BD-41EF22D467BA}.Debug|Any CPU.Build.0 = Debug|Any CPU
		{F19FD63E-1B74-4766-95BD-41EF22D467BA}.Release|Any CPU.ActiveCfg = Release|Any CPU
		{F19FD63E-1B74-4766-95BD-41EF22D467BA}.Release|Any CPU.Build.0 = Release|Any CPU
		{B2974F2A-F495-4B81-89CF-3414935BA7C6}.Debug|Any CPU.ActiveCfg = Debug|Any CPU
		{B2974F2A-F495-4B81-89CF-3414935BA7C6}.Debug|Any CPU.Build.0 = Debug|Any CPU
		{B2974F2A-F495-4B81-89CF-3414935BA7C6}.Release|Any CPU.ActiveCfg = Release|Any CPU
		{B2974F2A-F495-4B81-89CF-3414935BA7C6}.Release|Any CPU.Build.0 = Release|Any CPU
		{425D3629-DE7B-4AA3-99F1-F0ADF3FF2F51}.Debug|Any CPU.ActiveCfg = Debug|Any CPU
		{425D3629-DE7B-4AA3-99F1-F0ADF3FF2F51}.Debug|Any CPU.Build.0 = Debug|Any CPU
		{425D3629-DE7B-4AA3-99F1-F0ADF3FF2F51}.Release|Any CPU.ActiveCfg = Release|Any CPU
		{425D3629-DE7B-4AA3-99F1-F0ADF3FF2F51}.Release|Any CPU.Build.0 = Release|Any CPU
		{98C5A7DC-26BB-4C9E-AFB3-9896A06D5EF5}.Debug|Any CPU.ActiveCfg = Debug|Any CPU
		{98C5A7DC-26BB-4C9E-AFB3-9896A06D5EF5}.Debug|Any CPU.Build.0 = Debug|Any CPU
		{98C5A7DC-26BB-4C9E-AFB3-9896A06D5EF5}.Release|Any CPU.ActiveCfg = Release|Any CPU
		{98C5A7DC-26BB-4C9E-AFB3-9896A06D5EF5}.Release|Any CPU.Build.0 = Release|Any CPU
		{88E547A5-0699-43F8-BA67-30A13777DAA7}.Debug|Any CPU.ActiveCfg = Debug|Any CPU
		{88E547A5-0699-43F8-BA67-30A13777DAA7}.Debug|Any CPU.Build.0 = Debug|Any CPU
		{88E547A5-0699-43F8-BA67-30A13777DAA7}.Release|Any CPU.ActiveCfg = Release|Any CPU
		{88E547A5-0699-43F8-BA67-30A13777DAA7}.Release|Any CPU.Build.0 = Release|Any CPU
		{3CA30D06-97C4-457B-AC4F-25BC5D6C156C}.Debug|Any CPU.ActiveCfg = Debug|Any CPU
		{3CA30D06-97C4-457B-AC4F-25BC5D6C156C}.Debug|Any CPU.Build.0 = Debug|Any CPU
		{3CA30D06-97C4-457B-AC4F-25BC5D6C156C}.Release|Any CPU.ActiveCfg = Release|Any CPU
		{3CA30D06-97C4-457B-AC4F-25BC5D6C156C}.Release|Any CPU.Build.0 = Release|Any CPU
		{2587CF5B-DF08-4A4D-898F-3F0AE9BC2F5C}.Debug|Any CPU.ActiveCfg = Debug|Any CPU
		{2587CF5B-DF08-4A4D-898F-3F0AE9BC2F5C}.Debug|Any CPU.Build.0 = Debug|Any CPU
		{2587CF5B-DF08-4A4D-898F-3F0AE9BC2F5C}.Release|Any CPU.ActiveCfg = Release|Any CPU
		{2587CF5B-DF08-4A4D-898F-3F0AE9BC2F5C}.Release|Any CPU.Build.0 = Release|Any CPU
	EndGlobalSection
	GlobalSection(SolutionProperties) = preSolution
		HideSolutionNode = FALSE
	EndGlobalSection
EndGlobal
